
Microsoft Visual Studio Solution File, Format Version 12.00
# Visual Studio Version 17
VisualStudioVersion = 17.10.34916.146
MinimumVisualStudioVersion = 10.0.40219.1
Project("{FAE04EC0-301F-11D3-BF4B-00C04F79EFBC}") = "HireMePortalSubmitter", "HireMePortalSubmitter\HireMePortalSubmitter.csproj", "{98D89B90-37F1-4412-ADB5-D72A92DDA488}"
EndProject
Global
	GlobalSection(SolutionConfigurationPlatforms) = preSolution
		Debug|Any CPU = Debug|Any CPU
		Release|Any CPU = Release|Any CPU
	EndGlobalSection
	GlobalSection(ProjectConfigurationPlatforms) = postSolution
		{98D89B90-37F1-4412-ADB5-D72A92DDA488}.Debug|Any CPU.ActiveCfg = Debug|Any CPU
		{98D89B90-37F1-4412-ADB5-D72A92DDA488}.Debug|Any CPU.Build.0 = Debug|Any CPU
		{98D89B90-37F1-4412-ADB5-D72A92DDA488}.Release|Any CPU.ActiveCfg = Release|Any CPU
		{98D89B90-37F1-4412-ADB5-D72A92DDA488}.Release|Any CPU.Build.0 = Release|Any CPU
	EndGlobalSection
	GlobalSection(SolutionProperties) = preSolution
		HideSolutionNode = FALSE
	EndGlobalSection
	GlobalSection(ExtensibilityGlobals) = postSolution
		SolutionGuid = {01A654C5-A381-4A9A-A019-53658E3A9842}
	EndGlobalSection
EndGlobal
